
Microsoft Visual Studio Solution File, Format Version 12.00
# Visual Studio Version 17
VisualStudioVersion = 17.5.002.0
MinimumVisualStudioVersion = 10.0.40219.1
Project("{9A19103F-16F7-4668-BE54-9A1E7A4F7556}") = "weatherapi", "weatherapi.csproj", "{5823A653-9629-48A0-B57C-4741E5EF187C}"
EndProject
Global
	GlobalSection(SolutionConfigurationPlatforms) = preSolution
		Debug|Any CPU = Debug|Any CPU
		Release|Any CPU = Release|Any CPU
	EndGlobalSection
	GlobalSection(ProjectConfigurationPlatforms) = postSolution
		{5823A653-9629-48A0-B57C-4741E5EF187C}.Debug|Any CPU.ActiveCfg = Debug|Any CPU
		{5823A653-9629-48A0-B57C-4741E5EF187C}.Debug|Any CPU.Build.0 = Debug|Any CPU
		{5823A653-9629-48A0-B57C-4741E5EF187C}.Release|Any CPU.ActiveCfg = Release|Any CPU
		{5823A653-9629-48A0-B57C-4741E5EF187C}.Release|Any CPU.Build.0 = Release|Any CPU
	EndGlobalSection
	GlobalSection(SolutionProperties) = preSolution
		HideSolutionNode = FALSE
	EndGlobalSection
	GlobalSection(ExtensibilityGlobals) = postSolution
		SolutionGuid = {AC40A50A-B72B-4E3B-8F17-F5B46200F17D}
	EndGlobalSection
EndGlobal
